PODS:
  - Alamofire (4.7.0)
  - AlamofireImage (3.3.0):
    - Alamofire (~> 4.5)
  - GoogleMaps (2.6.0):
    - GoogleMaps/Maps (= 2.6.0)
  - GoogleMaps/Base (2.6.0)
  - GoogleMaps/Maps (2.6.0):
    - GoogleMaps/Base
  - GooglePlaces (2.6.0):
    - GoogleMaps/Base (= 2.6.0)

DEPENDENCIES:
  - AlamofireImage (~> 3.3)
  - GoogleMaps
  - GooglePlaces

SPEC CHECKSUMS:
  Alamofire: 907e0a98eb68cdb7f9d1f541a563d6ac5dc77b25
  AlamofireImage: 2e784dc5d00f04903a52c1d169181469c805c3df
  GoogleMaps: 42f91c68b7fa2f84d5c86597b18ceb99f5414c7f
  GooglePlaces: f6ddf33b75cef69e888907d9947c57198ed845f3

PODFILE CHECKSUM: 96d37dc563e1d08e10301992a63e9a00fa9e9f05

COCOAPODS: 1.4.0
